
Microsoft Visual Studio Solution File, Format Version 12.00
# Visual Studio Version 17
VisualStudioVersion = 17.8.34330.188
MinimumVisualStudioVersion = 10.0.40219.1
Project("{9A19103F-16F7-4668-BE54-9A1E7A4F7556}") = "CalculatorLibrary", "CalculatorLibrary\CalculatorLibrary.csproj", "{904EFF55-CB2E-4B3C-8FAA-F850E30D0A23}"
EndProject
Project("{9A19103F-16F7-4668-BE54-9A1E7A4F7556}") = "CalculatorSpecFlowProject", "CalculatorSpecFlowProject\CalculatorSpecFlowProject.csproj", "{71A1D2A6-8C56-4573-B2AB-FB1FD6E1D984}"
EndProject
Project("{9A19103F-16F7-4668-BE54-9A1E7A4F7556}") = "NUnitTestProject", "NUnitTestProject\NUnitTestProject.csproj", "{C9FC9BDA-DDA9-4576-B418-24FE03E60B85}"
EndProject
Project("{9A19103F-16F7-4668-BE54-9A1E7A4F7556}") = "TestProject1", "TestProject1\TestProject1.csproj", "{09C83229-B922-4792-8E98-54CDC36839C4}"
EndProject
Project("{9A19103F-16F7-4668-BE54-9A1E7A4F7556}") = "XUnitTestProject", "XUnitTestProject\XUnitTestProject.csproj", "{5F13C6A5-6A88-49DF-B656-079F3CD78A47}"
EndProject
Global
	GlobalSection(SolutionConfigurationPlatforms) = preSolution
		Debug|Any CPU = Debug|Any CPU
		Release|Any CPU = Release|Any CPU
	EndGlobalSection
	GlobalSection(ProjectConfigurationPlatforms) = postSolution
		{904EFF55-CB2E-4B3C-8FAA-F850E30D0A23}.Debug|Any CPU.ActiveCfg = Debug|Any CPU
		{904EFF55-CB2E-4B3C-8FAA-F850E30D0A23}.Debug|Any CPU.Build.0 = Debug|Any CPU
		{904EFF55-CB2E-4B3C-8FAA-F850E30D0A23}.Release|Any CPU.ActiveCfg = Release|Any CPU
		{904EFF55-CB2E-4B3C-8FAA-F850E30D0A23}.Release|Any CPU.Build.0 = Release|Any CPU
		{71A1D2A6-8C56-4573-B2AB-FB1FD6E1D984}.Debug|Any CPU.ActiveCfg = Debug|Any CPU
		{71A1D2A6-8C56-4573-B2AB-FB1FD6E1D984}.Debug|Any CPU.Build.0 = Debug|Any CPU
		{71A1D2A6-8C56-4573-B2AB-FB1FD6E1D984}.Release|Any CPU.ActiveCfg = Release|Any CPU
		{71A1D2A6-8C56-4573-B2AB-FB1FD6E1D984}.Release|Any CPU.Build.0 = Release|Any CPU
		{C9FC9BDA-DDA9-4576-B418-24FE03E60B85}.Debug|Any CPU.ActiveCfg = Debug|Any CPU
		{C9FC9BDA-DDA9-4576-B418-24FE03E60B85}.Debug|Any CPU.Build.0 = Debug|Any CPU
		{C9FC9BDA-DDA9-4576-B418-24FE03E60B85}.Release|Any CPU.ActiveCfg = Release|Any CPU
		{C9FC9BDA-DDA9-4576-B418-24FE03E60B85}.Release|Any CPU.Build.0 = Release|Any CPU
		{09C83229-B922-4792-8E98-54CDC36839C4}.Debug|Any CPU.ActiveCfg = Debug|Any CPU
		{09C83229-B922-4792-8E98-54CDC36839C4}.Debug|Any CPU.Build.0 = Debug|Any CPU
		{09C83229-B922-4792-8E98-54CDC36839C4}.Release|Any CPU.ActiveCfg = Release|Any CPU
		{09C83229-B922-4792-8E98-54CDC36839C4}.Release|Any CPU.Build.0 = Release|Any CPU
		{5F13C6A5-6A88-49DF-B656-079F3CD78A47}.Debug|Any CPU.ActiveCfg = Debug|Any CPU
		{5F13C6A5-6A88-49DF-B656-079F3CD78A47}.Debug|Any CPU.Build.0 = Debug|Any CPU
		{5F13C6A5-6A88-49DF-B656-079F3CD78A47}.Release|Any CPU.ActiveCfg = Release|Any CPU
		{5F13C6A5-6A88-49DF-B656-079F3CD78A47}.Release|Any CPU.Build.0 = Release|Any CPU
	EndGlobalSection
	GlobalSection(SolutionProperties) = preSolution
		HideSolutionNode = FALSE
	EndGlobalSection
	GlobalSection(ExtensibilityGlobals) = postSolution
		SolutionGuid = {73984C36-1B44-40FE-883F-8423E2AFAB02}
	EndGlobalSection
EndGlobal
